
Microsoft Visual Studio Solution File, Format Version 12.00
# Visual Studio Version 16
VisualStudioVersion = 16.0.30011.22
MinimumVisualStudioVersion = 10.0.40219.1
Project("{FAE04EC0-301F-11D3-BF4B-00C04F79EFBC}") = "diakmunkaProjekt", "diakmunkaProjekt\diakmunkaProjekt.csproj", "{08A81C65-EB2C-45F1-9303-F980EAEC5D38}"
EndProject
Global
	GlobalSection(SolutionConfigurationPlatforms) = preSolution
		Debug|Any CPU = Debug|Any CPU
		Release|Any CPU = Release|Any CPU
	EndGlobalSection
	GlobalSection(ProjectConfigurationPlatforms) = postSolution
		{08A81C65-EB2C-45F1-9303-F980EAEC5D38}.Debug|Any CPU.ActiveCfg = Debug|Any CPU
		{08A81C65-EB2C-45F1-9303-F980EAEC5D38}.Debug|Any CPU.Build.0 = Debug|Any CPU
		{08A81C65-EB2C-45F1-9303-F980EAEC5D38}.Release|Any CPU.ActiveCfg = Release|Any CPU
		{08A81C65-EB2C-45F1-9303-F980EAEC5D38}.Release|Any CPU.Build.0 = Release|Any CPU
	EndGlobalSection
	GlobalSection(SolutionProperties) = preSolution
		HideSolutionNode = FALSE
	EndGlobalSection
	GlobalSection(ExtensibilityGlobals) = postSolution
		SolutionGuid = {3A692E59-34D3-4E3C-A73B-4645FEC89135}
	EndGlobalSection
EndGlobal
